PATH
  remote: /Users/mgrosser/code/tools/ie_iframe_cookies
  specs:
    ie_iframe_cookies (0.1.4)

GEM
  remote: https://rubygems.org/
  specs:
    actionmailer (2.3.18)
      actionpack (= 2.3.18)
    actionpack (2.3.18)
      activesupport (= 2.3.18)
      rack (~> 1.1.0)
    activerecord (2.3.18)
      activesupport (= 2.3.18)
    activeresource (2.3.18)
      activesupport (= 2.3.18)
    activesupport (2.3.18)
    appraisal (0.5.2)
      bundler
      rake
    bump (0.5.0)
    minitest (4.7.5)
    rack (1.1.6)
    rails (2.3.18)
      actionmailer (= 2.3.18)
      actionpack (= 2.3.18)
      activerecord (= 2.3.18)
      activeresource (= 2.3.18)
      activesupport (= 2.3.18)
      rake (>= 0.8.3)
    rake (10.1.0)

PLATFORMS
  ruby

DEPENDENCIES
  appraisal
  bump
  ie_iframe_cookies!
  minitest (~> 4.0)
  rails (~> 2.3.18)
  rake
